
Microsoft Visual Studio Solution File, Format Version 12.00
# Visual Studio Version 17
VisualStudioVersion = 17.10.35122.118
MinimumVisualStudioVersion = 10.0.40219.1
Project("{FAE04EC0-301F-11D3-BF4B-00C04F79EFBC}") = "Giraffe", "Giraffe\Giraffe.csproj", "{555B4B60-BD2D-4B11-B8F7-FF31A926FEF7}"
EndProject
Global
	GlobalSection(SolutionConfigurationPlatforms) = preSolution
		Debug|Any CPU = Debug|Any CPU
		Release|Any CPU = Release|Any CPU
	EndGlobalSection
	GlobalSection(ProjectConfigurationPlatforms) = postSolution
		{555B4B60-BD2D-4B11-B8F7-FF31A926FEF7}.Debug|Any CPU.ActiveCfg = Debug|Any CPU
		{555B4B60-BD2D-4B11-B8F7-FF31A926FEF7}.Debug|Any CPU.Build.0 = Debug|Any CPU
		{555B4B60-BD2D-4B11-B8F7-FF31A926FEF7}.Release|Any CPU.ActiveCfg = Release|Any CPU
		{555B4B60-BD2D-4B11-B8F7-FF31A926FEF7}.Release|Any CPU.Build.0 = Release|Any CPU
	EndGlobalSection
	GlobalSection(SolutionProperties) = preSolution
		HideSolutionNode = FALSE
	EndGlobalSection
	GlobalSection(ExtensibilityGlobals) = postSolution
		SolutionGuid = {A30BED8D-5218-41F0-BB8C-15862260F18A}
	EndGlobalSection
EndGlobal
